<?xml version="1.0" encoding="utf-8"?>
<Project ToolsVersion="4.0" xmlns="http://schemas.microsoft.com/developer/msbuild/2003">
  <ItemGroup>
    <Filter Include="ソース ファイル">
      <UniqueIdentifier>{4FC737F1-C7A5-4376-A066-2A32D752A2FF}</UniqueIdentifier>
      <Extensions>cpp;c;cc;cxx;c++;cppm;ixx;def;odl;idl;hpj;bat;asm;asmx</Extensions>
    </Filter>
    <Filter Include="ヘッダー ファイル">
      <UniqueIdentifier>{93995380-89BD-4b04-88EB-625FBE52EBFB}</UniqueIdentifier>
      <Extensions>h;hh;hpp;hxx;h++;hm;inl;inc;ipp;xsd</Extensions>
    </Filter>
    <Filter Include="リソース ファイル">
      <UniqueIdentifier>{67DA6AB6-F800-4c08-8B7A-83BB121AAD01}</UniqueIdentifier>
      <Extensions>rc;ico;cur;bmp;dlg;rc2;rct;bin;rgs;gif;jpg;jpeg;jpe;resx;tiff;tif;png;wav;mfcribbon-ms</Extensions>
    </Filter>
    <Filter Include="シェーダー ファイル">
      <UniqueIdentifier>{718c7f4c-fc51-40ad-a221-b9456a7a1a3c}</UniqueIdentifier>
    </Filter>
    <Filter Include="クラス">
      <UniqueIdentifier>{0d567d85-1320-490a-aaf1-dfea6d415da5}</UniqueIdentifier>
    </Filter>
    <Filter Include="クラス\GameScene">
      <UniqueIdentifier>{ecedf8fd-0d23-481d-82b6-ee2a8e6e60db}</UniqueIdentifier>
    </Filter>
    <Filter Include="クラス\SkyDome">
      <UniqueIdentifier>{88ca88db-5040-42aa-954f-edde4b51c1af}</UniqueIdentifier>
    </Filter>
    <Filter Include="クラス\MapChip">
      <UniqueIdentifier>{19b3ef99-2109-4acb-ae6b-28ec7c634dca}</UniqueIdentifier>
    </Filter>
    <Filter Include="クラス\Player">
      <UniqueIdentifier>{a9438bdc-9422-479e-9997-77466c1df4b7}</UniqueIdentifier>
    </Filter>
    <Filter Include="クラス\MyMath">
      <UniqueIdentifier>{3d4e6608-a490-41d8-8c97-6549924216fa}</UniqueIdentifier>
    </Filter>
    <Filter Include="クラス\CameraController">
      <UniqueIdentifier>{ccd80964-28da-45c6-b5e7-d34150ccbd13}</UniqueIdentifier>
    </Filter>
    <Filter Include="クラス\Enemy">
      <UniqueIdentifier>{d8772df7-723f-42f5-8b0a-cd8386e5c926}</UniqueIdentifier>
    </Filter>
    <Filter Include="クラス\DeathParticles">
      <UniqueIdentifier>{ef3239aa-6f65-42f0-a979-27daa7f3a494}</UniqueIdentifier>
    </Filter>
    <Filter Include="クラス\TitleScene">
      <UniqueIdentifier>{2d3150ce-cb0d-4f4a-86ea-0b797005890a}</UniqueIdentifier>
    </Filter>
  </ItemGroup>
  <ItemGroup>
    <ClCompile Include="main.cpp">
      <Filter>ソース ファイル</Filter>
    </ClCompile>
    <ClCompile Include="GameScene.cpp">
      <Filter>クラス\GameScene</Filter>
    </ClCompile>
    <ClCompile Include="SkyDome.cpp">
      <Filter>クラス\SkyDome</Filter>
    </ClCompile>
    <ClCompile Include="MapChipField.cpp">
      <Filter>クラス\MapChip</Filter>
    </ClCompile>
    <ClCompile Include="Player.cpp">
      <Filter>クラス\Player</Filter>
    </ClCompile>
    <ClCompile Include="MyMath.cpp">
      <Filter>クラス\MyMath</Filter>
    </ClCompile>
    <ClCompile Include="CameraController.cpp">
      <Filter>クラス\CameraController</Filter>
    </ClCompile>
    <ClCompile Include="Enemy.cpp">
      <Filter>クラス\Enemy</Filter>
    </ClCompile>
    <ClCompile Include="DeathParticles.cpp">
      <Filter>クラス\DeathParticles</Filter>
    </ClCompile>
    <ClCompile Include="TitleScene.cpp">
      <Filter>クラス\TitleScene</Filter>
    </ClCompile>
  </ItemGroup>
  <ItemGroup>
    <FxCompile Include="Resources\shaders\SpritePS.hlsl">
      <Filter>シェーダー ファイル</Filter>
    </FxCompile>
    <FxCompile Include="Resources\shaders\SpriteVS.hlsl">
      <Filter>シェーダー ファイル</Filter>
    </FxCompile>
    <FxCompile Include="Resources\shaders\ShapeVS.hlsl">
      <Filter>シェーダー ファイル</Filter>
    </FxCompile>
    <FxCompile Include="Resources\shaders\ShapePS.hlsl">
      <Filter>シェーダー ファイル</Filter>
    </FxCompile>
    <FxCompile Include="Resources\shaders\ObjPS.hlsl">
      <Filter>シェーダー ファイル</Filter>
    </FxCompile>
    <FxCompile Include="Resources\shaders\ObjVS.hlsl">
      <Filter>シェーダー ファイル</Filter>
    </FxCompile>
    <FxCompile Include="Resources\shaders\PrimitivePS.hlsl">
      <Filter>シェーダー ファイル</Filter>
    </FxCompile>
    <FxCompile Include="Resources\shaders\PrimitiveVS.hlsl">
      <Filter>シェーダー ファイル</Filter>
    </FxCompile>
    <FxCompile Include="Resources\shaders\TerrainPS.hlsl">
      <Filter>シェーダー ファイル</Filter>
    </FxCompile>
    <FxCompile Include="Resources\shaders\TerrainVS.hlsl">
      <Filter>シェーダー ファイル</Filter>
    </FxCompile>
  </ItemGroup>
  <ItemGroup>
    <None Include="Resources\shaders\Sprite.hlsli">
      <Filter>シェーダー ファイル</Filter>
    </None>
    <None Include="Resources\shaders\Shape.hlsli">
      <Filter>シェーダー ファイル</Filter>
    </None>
    <None Include="Resources\shaders\Obj.hlsli">
      <Filter>シェーダー ファイル</Filter>
    </None>
    <None Include="Resources\shaders\Primitive.hlsli">
      <Filter>シェーダー ファイル</Filter>
    </None>
    <None Include="Resources\shaders\Terrain.hlsli">
      <Filter>シェーダー ファイル</Filter>
    </None>
  </ItemGroup>
  <ItemGroup>
    <ClInclude Include="GameScene.h">
      <Filter>クラス\GameScene</Filter>
    </ClInclude>
    <ClInclude Include="SkyDome.h">
      <Filter>クラス\SkyDome</Filter>
    </ClInclude>
    <ClInclude Include="MapChipField.h">
      <Filter>クラス\MapChip</Filter>
    </ClInclude>
    <ClInclude Include="Player.h">
      <Filter>クラス\Player</Filter>
    </ClInclude>
    <ClInclude Include="MyMath.h">
      <Filter>クラス\MyMath</Filter>
    </ClInclude>
    <ClInclude Include="CameraController.h">
      <Filter>クラス\CameraController</Filter>
    </ClInclude>
    <ClInclude Include="Enemy.h">
      <Filter>クラス\Enemy</Filter>
    </ClInclude>
    <ClInclude Include="DeathParticles.h">
      <Filter>クラス\DeathParticles</Filter>
    </ClInclude>
    <ClInclude Include="TitleScene.h">
      <Filter>クラス\TitleScene</Filter>
    </ClInclude>
  </ItemGroup>
</Project>